
Microsoft Visual Studio Solution File, Format Version 12.00
# Visual Studio 2012
Project("{FAE04EC0-301F-11D3-BF4B-00C04F79EFBC}") = "JamFactory_SimpleOptimization", "JamFactory_SimpleOptimization\JamFactory_SimpleOptimization.csproj", "{5485520E-F8E9-494E-9357-68FD676DEAFB}"
EndProject
Global
	GlobalSection(SolutionConfigurationPlatforms) = preSolution
		Debug|Any CPU = Debug|Any CPU
		Release|Any CPU = Release|Any CPU
	EndGlobalSection
	GlobalSection(ProjectConfigurationPlatforms) = postSolution
		{5485520E-F8E9-494E-9357-68FD676DEAFB}.Debug|Any CPU.ActiveCfg = Debug|Any CPU
		{5485520E-F8E9-494E-9357-68FD676DEAFB}.Debug|Any CPU.Build.0 = Debug|Any CPU
		{5485520E-F8E9-494E-9357-68FD676DEAFB}.Release|Any CPU.ActiveCfg = Release|Any CPU
		{5485520E-F8E9-494E-9357-68FD676DEAFB}.Release|Any CPU.Build.0 = Release|Any CPU
	EndGlobalSection
	GlobalSection(SolutionProperties) = preSolution
		HideSolutionNode = FALSE
	EndGlobalSection
EndGlobal
